
Microsoft Visual Studio Solution File, Format Version 12.00
Project("{FAE04EC0-301F-11D3-BF4B-00C04F79EFBC}") = "GameEngine", "GameEngine\GameEngine.csproj", "{DE5D0D5B-33AF-4EC6-9623-48A26F075E6D}"
EndProject
Project("{FAE04EC0-301F-11D3-BF4B-00C04F79EFBC}") = "GameEngine.V2", "GameEngine.V2\GameEngine.V2.csproj", "{163EFF67-28DB-49D6-9B59-4DBFFC169AC8}"
EndProject
Project("{FAE04EC0-301F-11D3-BF4B-00C04F79EFBC}") = "GameEngine.3D", "GameEngine.3D\GameEngine.3D.csproj", "{279258F8-7A90-4230-84EC-03028AD24DAD}"
EndProject
Global
	GlobalSection(SolutionConfigurationPlatforms) = preSolution
		Debug|Any CPU = Debug|Any CPU
		Release|Any CPU = Release|Any CPU
	EndGlobalSection
	GlobalSection(ProjectConfigurationPlatforms) = postSolution
		{DE5D0D5B-33AF-4EC6-9623-48A26F075E6D}.Debug|Any CPU.ActiveCfg = Debug|Any CPU
		{DE5D0D5B-33AF-4EC6-9623-48A26F075E6D}.Debug|Any CPU.Build.0 = Debug|Any CPU
		{DE5D0D5B-33AF-4EC6-9623-48A26F075E6D}.Release|Any CPU.ActiveCfg = Release|Any CPU
		{DE5D0D5B-33AF-4EC6-9623-48A26F075E6D}.Release|Any CPU.Build.0 = Release|Any CPU
		{163EFF67-28DB-49D6-9B59-4DBFFC169AC8}.Debug|Any CPU.ActiveCfg = Debug|Any CPU
		{163EFF67-28DB-49D6-9B59-4DBFFC169AC8}.Debug|Any CPU.Build.0 = Debug|Any CPU
		{163EFF67-28DB-49D6-9B59-4DBFFC169AC8}.Release|Any CPU.ActiveCfg = Release|Any CPU
		{163EFF67-28DB-49D6-9B59-4DBFFC169AC8}.Release|Any CPU.Build.0 = Release|Any CPU
		{279258F8-7A90-4230-84EC-03028AD24DAD}.Debug|Any CPU.ActiveCfg = Debug|Any CPU
		{279258F8-7A90-4230-84EC-03028AD24DAD}.Debug|Any CPU.Build.0 = Debug|Any CPU
		{279258F8-7A90-4230-84EC-03028AD24DAD}.Release|Any CPU.ActiveCfg = Release|Any CPU
		{279258F8-7A90-4230-84EC-03028AD24DAD}.Release|Any CPU.Build.0 = Release|Any CPU
	EndGlobalSection
EndGlobal
